// !$*UTF8*$!
{
	archiveVersion = 1;
	classes = {
	};
	objectVersion = 50;
	objects = {

/* Begin PBXBuildFile section */
		DC492D052081F77200E61CC5 /* UniverseScene.swift in Sources */ = {isa = PBXBuildFile; fileRef = DC492D042081F77200E61CC5 /* UniverseScene.swift */; };
		DC492D08208222BC00E61CC5 /* Universe.swift in Sources */ = {isa = PBXBuildFile; fileRef = DC492D07208222BC00E61CC5 /* Universe.swift */; };
		DC492D0A2082231900E61CC5 /* Body.swift in Sources */ = {isa = PBXBuildFile; fileRef = DC492D092082231900E61CC5 /* Body.swift */; };
		DC492D0C208223DE00E61CC5 /* Primitives.swift in Sources */ = {isa = PBXBuildFile; fileRef = DC492D0B208223DE00E61CC5 /* Primitives.swift */; };
		DC492D0E208246F400E61CC5 /* Helpers.swift in Sources */ = {isa = PBXBuildFile; fileRef = DC492D0D208246F400E61CC5 /* Helpers.swift */; };
		DC537917208533600028A108 /* strucure.md in Resources */ = {isa = PBXBuildFile; fileRef = DC537913208533600028A108 /* strucure.md */; };
		DC537918208533600028A108 /* submission.md in Resources */ = {isa = PBXBuildFile; fileRef = DC537914208533600028A108 /* submission.md */; };
		DC537919208533600028A108 /* sources.md in Resources */ = {isa = PBXBuildFile; fileRef = DC537915208533600028A108 /* sources.md */; };
		DC53791A208533600028A108 /* README.md in Resources */ = {isa = PBXBuildFile; fileRef = DC537916208533600028A108 /* README.md */; };
		DC5C4DDF2081ED9D00ADC043 /* AppDelegate.swift in Sources */ = {isa = PBXBuildFile; fileRef = DC5C4DDE2081ED9D00ADC043 /* AppDelegate.swift */; };
		DC5C4DE12081ED9D00ADC043 /* MainViewController.swift in Sources */ = {isa = PBXBuildFile; fileRef = DC5C4DE02081ED9D00ADC043 /* MainViewController.swift */; };
		DC5C4DE32081ED9E00ADC043 /* Assets.xcassets in Resources */ = {isa = PBXBuildFile; fileRef = DC5C4DE22081ED9E00ADC043 /* Assets.xcassets */; };
		DC5C4DE62081ED9E00ADC043 /* Main.storyboard in Resources */ = {isa = PBXBuildFile; fileRef = DC5C4DE42081ED9E00ADC043 /* Main.storyboard */; };
		DC7AD466208E130A004066D3 /* TrailParticle.sks in Resources */ = {isa = PBXBuildFile; fileRef = DC7AD465208E130A004066D3 /* TrailParticle.sks */; };
		DC7AD47D20909D64004066D3 /* SelectionAlgorithm.swift in Sources */ = {isa = PBXBuildFile; fileRef = DC7AD47C20909D64004066D3 /* SelectionAlgorithm.swift */; };
		DC7AD47F20909E84004066D3 /* BruteForce.swift in Sources */ = {isa = PBXBuildFile; fileRef = DC7AD47E20909E84004066D3 /* BruteForce.swift */; };
/* End PBXBuildFile section */

/* Begin PBXFileReference section */
		DC1359A7208C8E3600AAC0CE /* system.py */ = {isa = PBXFileReference; lastKnownFileType = text.script.python; path = system.py; sourceTree = "<group>"; };
		DC1359A8208C8E3600AAC0CE /* body.py */ = {isa = PBXFileReference; lastKnownFileType = text.script.python; path = body.py; sourceTree = "<group>"; };
		DC1359A9208C8E3600AAC0CE /* system_renderer.py */ = {isa = PBXFileReference; lastKnownFileType = text.script.python; path = system_renderer.py; sourceTree = "<group>"; };
		DC1359AA208C8E3600AAC0CE /* quadrant.py */ = {isa = PBXFileReference; lastKnownFileType = text.script.python; path = quadrant.py; sourceTree = "<group>"; };
		DC1359AB208C8E3600AAC0CE /* bhtree.py */ = {isa = PBXFileReference; lastKnownFileType = text.script.python; path = bhtree.py; sourceTree = "<group>"; };
		DC492D042081F77200E61CC5 /* UniverseScene.swift */ = {isa = PBXFileReference; lastKnownFileType = sourcecode.swift; path = UniverseScene.swift; sourceTree = "<group>"; };
		DC492D07208222BC00E61CC5 /* Universe.swift */ = {isa = PBXFileReference; lastKnownFileType = sourcecode.swift; path = Universe.swift; sourceTree = "<group>"; };
		DC492D092082231900E61CC5 /* Body.swift */ = {isa = PBXFileReference; lastKnownFileType = sourcecode.swift; path = Body.swift; sourceTree = "<group>"; };
		DC492D0B208223DE00E61CC5 /* Primitives.swift */ = {isa = PBXFileReference; lastKnownFileType = sourcecode.swift; path = Primitives.swift; sourceTree = "<group>"; };
		DC492D0D208246F400E61CC5 /* Helpers.swift */ = {isa = PBXFileReference; lastKnownFileType = sourcecode.swift; path = Helpers.swift; sourceTree = "<group>"; };
		DC537913208533600028A108 /* strucure.md */ = {isa = PBXFileReference; fileEncoding = 4; lastKnownFileType = net.daringfireball.markdown; name = strucure.md; path = ../strucure.md; sourceTree = "<group>"; };
		DC537914208533600028A108 /* submission.md */ = {isa = PBXFileReference; fileEncoding = 4; lastKnownFileType = net.daringfireball.markdown; name = submission.md; path = ../submission.md; sourceTree = "<group>"; };
		DC537915208533600028A108 /* sources.md */ = {isa = PBXFileReference; fileEncoding = 4; lastKnownFileType = net.daringfireball.markdown; name = sources.md; path = ../sources.md; sourceTree = "<group>"; };
		DC537916208533600028A108 /* README.md */ = {isa = PBXFileReference; fileEncoding = 4; lastKnownFileType = net.daringfireball.markdown; name = README.md; path = ../README.md; sourceTree = "<group>"; };
		DC5C4DDB2081ED9D00ADC043 /* NBody.app */ = {isa = PBXFileReference; explicitFileType = wrapper.application; includeInIndex = 0; path = NBody.app; sourceTree = BUILT_PRODUCTS_DIR; };
		DC5C4DDE2081ED9D00ADC043 /* AppDelegate.swift */ = {isa = PBXFileReference; lastKnownFileType = sourcecode.swift; path = AppDelegate.swift; sourceTree = "<group>"; };
		DC5C4DE02081ED9D00ADC043 /* MainViewController.swift */ = {isa = PBXFileReference; lastKnownFileType = sourcecode.swift; path = MainViewController.swift; sourceTree = "<group>"; };
		DC5C4DE22081ED9E00ADC043 /* Assets.xcassets */ = {isa = PBXFileReference; lastKnownFileType = folder.assetcatalog; path = Assets.xcassets; sourceTree = "<group>"; };
		DC5C4DE52081ED9E00ADC043 /* Base */ = {isa = PBXFileReference; lastKnownFileType = file.storyboard; name = Base; path = Base.lproj/Main.storyboard; sourceTree = "<group>"; };
		DC5C4DE72081ED9E00ADC043 /* Info.plist */ = {isa = PBXFileReference; lastKnownFileType = text.plist.xml; path = Info.plist; sourceTree = "<group>"; };
		DC5C4DE82081ED9E00ADC043 /* NBody.entitlements */ = {isa = PBXFileReference; lastKnownFileType = text.plist.entitlements; path = NBody.entitlements; sourceTree = "<group>"; };
		DC7AD465208E130A004066D3 /* TrailParticle.sks */ = {isa = PBXFileReference; lastKnownFileType = file.sks; path = TrailParticle.sks; sourceTree = "<group>"; };
		DC7AD47C20909D64004066D3 /* SelectionAlgorithm.swift */ = {isa = PBXFileReference; lastKnownFileType = sourcecode.swift; path = SelectionAlgorithm.swift; sourceTree = "<group>"; };
		DC7AD47E20909E84004066D3 /* BruteForce.swift */ = {isa = PBXFileReference; lastKnownFileType = sourcecode.swift; path = BruteForce.swift; sourceTree = "<group>"; };
/* End PBXFileReference section */

/* Begin PBXFrameworksBuildPhase section */
		DC5C4DD82081ED9D00ADC043 /* Frameworks */ = {
			isa = PBXFrameworksBuildPhase;
			buildActionMask = 2147483647;
			files = (
			);
			runOnlyForDeploymentPostprocessing = 0;
		};
/* End PBXFrameworksBuildPhase section */

/* Begin PBXGroup section */
		DC1359A6208C8E3600AAC0CE /* code */ = {
			isa = PBXGroup;
			children = (
				DC1359A7208C8E3600AAC0CE /* system.py */,
				DC1359A8208C8E3600AAC0CE /* body.py */,
				DC1359A9208C8E3600AAC0CE /* system_renderer.py */,
				DC1359AA208C8E3600AAC0CE /* quadrant.py */,
				DC1359AB208C8E3600AAC0CE /* bhtree.py */,
			);
			name = code;
			path = ../code;
			sourceTree = "<group>";
		};
		DC492D06208222AD00E61CC5 /* Simulation */ = {
			isa = PBXGroup;
			children = (
				DC492D07208222BC00E61CC5 /* Universe.swift */,
				DC492D092082231900E61CC5 /* Body.swift */,
				DC492D0B208223DE00E61CC5 /* Primitives.swift */,
				DC492D0D208246F400E61CC5 /* Helpers.swift */,
				DC7AD47C20909D64004066D3 /* SelectionAlgorithm.swift */,
				DC7AD47E20909E84004066D3 /* BruteForce.swift */,
			);
			path = Simulation;
			sourceTree = "<group>";
		};
		DC5C4DD22081ED9D00ADC043 = {
			isa = PBXGroup;
			children = (
				DC1359A6208C8E3600AAC0CE /* code */,
				DC492D06208222AD00E61CC5 /* Simulation */,
				DC5C4DDD2081ED9D00ADC043 /* NBody */,
				DC5C4DDC2081ED9D00ADC043 /* Products */,
				DC537916208533600028A108 /* README.md */,
				DC537915208533600028A108 /* sources.md */,
				DC537913208533600028A108 /* strucure.md */,
				DC537914208533600028A108 /* submission.md */,
			);
			sourceTree = "<group>";
		};
		DC5C4DDC2081ED9D00ADC043 /* Products */ = {
			isa = PBXGroup;
			children = (
				DC5C4DDB2081ED9D00ADC043 /* NBody.app */,
			);
			name = Products;
			sourceTree = "<group>";
		};
		DC5C4DDD2081ED9D00ADC043 /* NBody */ = {
			isa = PBXGroup;
			children = (
				DC5C4DE42081ED9E00ADC043 /* Main.storyboard */,
				DC5C4DDE2081ED9D00ADC043 /* AppDelegate.swift */,
				DC5C4DE02081ED9D00ADC043 /* MainViewController.swift */,
				DC492D042081F77200E61CC5 /* UniverseScene.swift */,
				DC5C4DE22081ED9E00ADC043 /* Assets.xcassets */,
				DC5C4DE72081ED9E00ADC043 /* Info.plist */,
				DC5C4DE82081ED9E00ADC043 /* NBody.entitlements */,
				DC7AD465208E130A004066D3 /* TrailParticle.sks */,
			);
			path = NBody;
			sourceTree = "<group>";
		};
/* End PBXGroup section */

/* Begin PBXNativeTarget section */
		DC5C4DDA2081ED9D00ADC043 /* NBody */ = {
			isa = PBXNativeTarget;
			buildConfigurationList = DC5C4DEB2081ED9E00ADC043 /* Build configuration list for PBXNativeTarget "NBody" */;
			buildPhases = (
				DC5C4DD72081ED9D00ADC043 /* Sources */,
				DC5C4DD82081ED9D00ADC043 /* Frameworks */,
				DC5C4DD92081ED9D00ADC043 /* Resources */,
			);
			buildRules = (
			);
			dependencies = (
			);
			name = NBody;
			productName = NBody;
			productReference = DC5C4DDB2081ED9D00ADC043 /* NBody.app */;
			productType = "com.apple.product-type.application";
		};
/* End PBXNativeTarget section */

/* Begin PBXProject section */
		DC5C4DD32081ED9D00ADC043 /* Project object */ = {
			isa = PBXProject;
			attributes = {
				LastSwiftUpdateCheck = 0930;
				LastUpgradeCheck = 0930;
				ORGANIZATIONNAME = breakthesystem;
				TargetAttributes = {
					DC5C4DDA2081ED9D00ADC043 = {
						CreatedOnToolsVersion = 9.3;
					};
				};
			};
			buildConfigurationList = DC5C4DD62081ED9D00ADC043 /* Build configuration list for PBXProject "NBody" */;
			compatibilityVersion = "Xcode 9.3";
			developmentRegion = en;
			hasScannedForEncodings = 0;
			knownRegions = (
				en,
				Base,
			);
			mainGroup = DC5C4DD22081ED9D00ADC043;
			productRefGroup = DC5C4DDC2081ED9D00ADC043 /* Products */;
			projectDirPath = "";
			projectRoot = "";
			targets = (
				DC5C4DDA2081ED9D00ADC043 /* NBody */,
			);
		};
/* End PBXProject section */

/* Begin PBXResourcesBuildPhase section */
		DC5C4DD92081ED9D00ADC043 /* Resources */ = {
			isa = PBXResourcesBuildPhase;
			buildActionMask = 2147483647;
			files = (
				DC53791A208533600028A108 /* README.md in Resources */,
				DC537919208533600028A108 /* sources.md in Resources */,
				DC537918208533600028A108 /* submission.md in Resources */,
				DC5C4DE32081ED9E00ADC043 /* Assets.xcassets in Resources */,
				DC537917208533600028A108 /* strucure.md in Resources */,
				DC7AD466208E130A004066D3 /* TrailParticle.sks in Resources */,
				DC5C4DE62081ED9E00ADC043 /* Main.storyboard in Resources */,
			);
			runOnlyForDeploymentPostprocessing = 0;
		};
/* End PBXResourcesBuildPhase section */

/* Begin PBXSourcesBuildPhase section */
		DC5C4DD72081ED9D00ADC043 /* Sources */ = {
			isa = PBXSourcesBuildPhase;
			buildActionMask = 2147483647;
			files = (
				DC7AD47D20909D64004066D3 /* SelectionAlgorithm.swift in Sources */,
				DC5C4DE12081ED9D00ADC043 /* MainViewController.swift in Sources */,
				DC7AD47F20909E84004066D3 /* BruteForce.swift in Sources */,
				DC492D0E208246F400E61CC5 /* Helpers.swift in Sources */,
				DC492D0C208223DE00E61CC5 /* Primitives.swift in Sources */,
				DC492D052081F77200E61CC5 /* UniverseScene.swift in Sources */,
				DC492D08208222BC00E61CC5 /* Universe.swift in Sources */,
				DC5C4DDF2081ED9D00ADC043 /* AppDelegate.swift in Sources */,
				DC492D0A2082231900E61CC5 /* Body.swift in Sources */,
			);
			runOnlyForDeploymentPostprocessing = 0;
		};
/* End PBXSourcesBuildPhase section */

/* Begin PBXVariantGroup section */
		DC5C4DE42081ED9E00ADC043 /* Main.storyboard */ = {
			isa = PBXVariantGroup;
			children = (
				DC5C4DE52081ED9E00ADC043 /* Base */,
			);
			name = Main.storyboard;
			sourceTree = "<group>";
		};
/* End PBXVariantGroup section */

/* Begin XCBuildConfiguration section */
		DC5C4DE92081ED9E00ADC043 /* Debug */ = {
			isa = XCBuildConfiguration;
			buildSettings = {
				ALWAYS_SEARCH_USER_PATHS = NO;
				CLANG_ANALYZER_NONNULL = YES;
				CLANG_ANALYZER_NUMBER_OBJECT_CONVERSION = YES_AGGRESSIVE;
				CLANG_CXX_LANGUAGE_STANDARD = "gnu++14";
				CLANG_CXX_LIBRARY = "libc++";
				CLANG_ENABLE_MODULES = YES;
				CLANG_ENABLE_OBJC_ARC = YES;
				CLANG_ENABLE_OBJC_WEAK = YES;
				CLANG_WARN_BLOCK_CAPTURE_AUTORELEASING = YES;
				CLANG_WARN_BOOL_CONVERSION = YES;
				CLANG_WARN_COMMA = YES;
				CLANG_WARN_CONSTANT_CONVERSION = YES;
				CLANG_WARN_DEPRECATED_OBJC_IMPLEMENTATIONS = YES;
				CLANG_WARN_DIRECT_OBJC_ISA_USAGE = YES_ERROR;
				CLANG_WARN_DOCUMENTATION_COMMENTS = YES;
				CLANG_WARN_EMPTY_BODY = YES;
				CLANG_WARN_ENUM_CONVERSION = YES;
				CLANG_WARN_INFINITE_RECURSION = YES;
				CLANG_WARN_INT_CONVERSION = YES;
				CLANG_WARN_NON_LITERAL_NULL_CONVERSION = YES;
				CLANG_WARN_OBJC_IMPLICIT_RETAIN_SELF = YES;
				CLANG_WARN_OBJC_LITERAL_CONVERSION = YES;
				CLANG_WARN_OBJC_ROOT_CLASS = YES_ERROR;
				CLANG_WARN_RANGE_LOOP_ANALYSIS = YES;
				CLANG_WARN_STRICT_PROTOTYPES = YES;
				CLANG_WARN_SUSPICIOUS_MOVE = YES;
				CLANG_WARN_UNGUARDED_AVAILABILITY = YES_AGGRESSIVE;
				CLANG_WARN_UNREACHABLE_CODE = YES;
				CLANG_WARN__DUPLICATE_METHOD_MATCH = YES;
				CODE_SIGN_IDENTITY = "-";
				COPY_PHASE_STRIP = NO;
				DEBUG_INFORMATION_FORMAT = dwarf;
				ENABLE_STRICT_OBJC_MSGSEND = YES;
				ENABLE_TESTABILITY = YES;
				GCC_C_LANGUAGE_STANDARD = gnu11;
				GCC_DYNAMIC_NO_PIC = NO;
				GCC_NO_COMMON_BLOCKS = YES;
				GCC_OPTIMIZATION_LEVEL = 0;
				GCC_PREPROCESSOR_DEFINITIONS = (
					"DEBUG=1",
					"$(inherited)",
				);
				GCC_WARN_64_TO_32_BIT_CONVERSION = YES;
				GCC_WARN_ABOUT_RETURN_TYPE = YES_ERROR;
				GCC_WARN_UNDECLARED_SELECTOR = YES;
				GCC_WARN_UNINITIALIZED_AUTOS = YES_AGGRESSIVE;
				GCC_WARN_UNUSED_FUNCTION = YES;
				GCC_WARN_UNUSED_VARIABLE = YES;
				MACOSX_DEPLOYMENT_TARGET = 10.13;
				MTL_ENABLE_DEBUG_INFO = YES;
				ONLY_ACTIVE_ARCH = YES;
				SDKROOT = macosx;
				SWIFT_ACTIVE_COMPILATION_CONDITIONS = DEBUG;
				SWIFT_OPTIMIZATION_LEVEL = "-Onone";
			};
			name = Debug;
		};
		DC5C4DEA2081ED9E00ADC043 /* Release */ = {
			isa = XCBuildConfiguration;
			buildSettings = {
				ALWAYS_SEARCH_USER_PATHS = NO;
				CLANG_ANALYZER_NONNULL = YES;
				CLANG_ANALYZER_NUMBER_OBJECT_CONVERSION = YES_AGGRESSIVE;
				CLANG_CXX_LANGUAGE_STANDARD = "gnu++14";
				CLANG_CXX_LIBRARY = "libc++";
				CLANG_ENABLE_MODULES = YES;
				CLANG_ENABLE_OBJC_ARC = YES;
				CLANG_ENABLE_OBJC_WEAK = YES;
				CLANG_WARN_BLOCK_CAPTURE_AUTORELEASING = YES;
				CLANG_WARN_BOOL_CONVERSION = YES;
				CLANG_WARN_COMMA = YES;
				CLANG_WARN_CONSTANT_CONVERSION = YES;
				CLANG_WARN_DEPRECATED_OBJC_IMPLEMENTATIONS = YES;
				CLANG_WARN_DIRECT_OBJC_ISA_USAGE = YES_ERROR;
				CLANG_WARN_DOCUMENTATION_COMMENTS = YES;
				CLANG_WARN_EMPTY_BODY = YES;
				CLANG_WARN_ENUM_CONVERSION = YES;
				CLANG_WARN_INFINITE_RECURSION = YES;
				CLANG_WARN_INT_CONVERSION = YES;
				CLANG_WARN_NON_LITERAL_NULL_CONVERSION = YES;
				CLANG_WARN_OBJC_IMPLICIT_RETAIN_SELF = YES;
				CLANG_WARN_OBJC_LITERAL_CONVERSION = YES;
				CLANG_WARN_OBJC_ROOT_CLASS = YES_ERROR;
				CLANG_WARN_RANGE_LOOP_ANALYSIS = YES;
				CLANG_WARN_STRICT_PROTOTYPES = YES;
				CLANG_WARN_SUSPICIOUS_MOVE = YES;
				CLANG_WARN_UNGUARDED_AVAILABILITY = YES_AGGRESSIVE;
				CLANG_WARN_UNREACHABLE_CODE = YES;
				CLANG_WARN__DUPLICATE_METHOD_MATCH = YES;
				CODE_SIGN_IDENTITY = "-";
				COPY_PHASE_STRIP = NO;
				DEBUG_INFORMATION_FORMAT = "dwarf-with-dsym";
				ENABLE_NS_ASSERTIONS = NO;
				ENABLE_STRICT_OBJC_MSGSEND = YES;
				GCC_C_LANGUAGE_STANDARD = gnu11;
				GCC_NO_COMMON_BLOCKS = YES;
				GCC_WARN_64_TO_32_BIT_CONVERSION = YES;
				GCC_WARN_ABOUT_RETURN_TYPE = YES_ERROR;
				GCC_WARN_UNDECLARED_SELECTOR = YES;
				GCC_WARN_UNINITIALIZED_AUTOS = YES_AGGRESSIVE;
				GCC_WARN_UNUSED_FUNCTION = YES;
				GCC_WARN_UNUSED_VARIABLE = YES;
				MACOSX_DEPLOYMENT_TARGET = 10.13;
				MTL_ENABLE_DEBUG_INFO = NO;
				SDKROOT = macosx;
				SWIFT_COMPILATION_MODE = wholemodule;
				SWIFT_OPTIMIZATION_LEVEL = "-O";
			};
			name = Release;
		};
		DC5C4DEC2081ED9E00ADC043 /* Debug */ = {
			isa = XCBuildConfiguration;
			buildSettings = {
				ASSETCATALOG_COMPILER_APPICON_NAME = AppIcon;
				CODE_SIGN_ENTITLEMENTS = NBody/NBody.entitlements;
				CODE_SIGN_STYLE = Automatic;
				COMBINE_HIDPI_IMAGES = YES;
				INFOPLIST_FILE = NBody/Info.plist;
				LD_RUNPATH_SEARCH_PATHS = (
					"$(inherited)",
					"@executable_path/../Frameworks",
				);
				PRODUCT_BUNDLE_IDENTIFIER = org.breakthesystem.NBody;
				PRODUCT_NAME = "$(TARGET_NAME)";
				SWIFT_VERSION = 4.0;
			};
			name = Debug;
		};
		DC5C4DED2081ED9E00ADC043 /* Release */ = {
			isa = XCBuildConfiguration;
			buildSettings = {
				ASSETCATALOG_COMPILER_APPICON_NAME = AppIcon;
				CODE_SIGN_ENTITLEMENTS = NBody/NBody.entitlements;
				CODE_SIGN_STYLE = Automatic;
				COMBINE_HIDPI_IMAGES = YES;
				INFOPLIST_FILE = NBody/Info.plist;
				LD_RUNPATH_SEARCH_PATHS = (
					"$(inherited)",
					"@executable_path/../Frameworks",
				);
				PRODUCT_BUNDLE_IDENTIFIER = org.breakthesystem.NBody;
				PRODUCT_NAME = "$(TARGET_NAME)";
				SWIFT_VERSION = 4.0;
			};
			name = Release;
		};
/* End XCBuildConfiguration section */

/* Begin XCConfigurationList section */
		DC5C4DD62081ED9D00ADC043 /* Build configuration list for PBXProject "NBody" */ = {
			isa = XCConfigurationList;
			buildConfigurations = (
				DC5C4DE92081ED9E00ADC043 /* Debug */,
				DC5C4DEA2081ED9E00ADC043 /* Release */,
			);
			defaultConfigurationIsVisible = 0;
			defaultConfigurationName = Release;
		};
		DC5C4DEB2081ED9E00ADC043 /* Build configuration list for PBXNativeTarget "NBody" */ = {
			isa = XCConfigurationList;
			buildConfigurations = (
				DC5C4DEC2081ED9E00ADC043 /* Debug */,
				DC5C4DED2081ED9E00ADC043 /* Release */,
			);
			defaultConfigurationIsVisible = 0;
			defaultConfigurationName = Release;
		};
/* End XCConfigurationList section */
	};
	rootObject = DC5C4DD32081ED9D00ADC043 /* Project object */;
}
